
Microsoft Visual Studio Solution File, Format Version 12.00
# Visual Studio Version 17
VisualStudioVersion = 17.8.34525.116
MinimumVisualStudioVersion = 10.0.40219.1
Project("{FAE04EC0-301F-11D3-BF4B-00C04F79EFBC}") = "CGraphix", "CGraphix.csproj", "{BCC97523-1C52-4FAF-B4A4-525DEDBEBC2C}"
EndProject
Global
	GlobalSection(SolutionConfigurationPlatforms) = preSolution
		Debug|Any CPU = Debug|Any CPU
		Release|Any CPU = Release|Any CPU
	EndGlobalSection
	GlobalSection(ProjectConfigurationPlatforms) = postSolution
		{BCC97523-1C52-4FAF-B4A4-525DEDBEBC2C}.Debug|Any CPU.ActiveCfg = Debug|Any CPU
		{BCC97523-1C52-4FAF-B4A4-525DEDBEBC2C}.Debug|Any CPU.Build.0 = Debug|Any CPU
		{BCC97523-1C52-4FAF-B4A4-525DEDBEBC2C}.Release|Any CPU.ActiveCfg = Release|Any CPU
		{BCC97523-1C52-4FAF-B4A4-525DEDBEBC2C}.Release|Any CPU.Build.0 = Release|Any CPU
	EndGlobalSection
	GlobalSection(SolutionProperties) = preSolution
		HideSolutionNode = FALSE
	EndGlobalSection
	GlobalSection(ExtensibilityGlobals) = postSolution
		SolutionGuid = {164B5D7F-0896-4ACE-A80A-528CEF27B21D}
	EndGlobalSection
EndGlobal
